
Microsoft Visual Studio Solution File, Format Version 12.00
# Visual Studio Version 16
VisualStudioVersion = 16.0.31424.327
MinimumVisualStudioVersion = 10.0.40219.1
Project("{FAE04EC0-301F-11D3-BF4B-00C04F79EFBC}") = "Exercicios-01-05", "Exercicios-01-05\Exercicios-01-05.csproj", "{05631B71-1452-4A3B-B46E-E3B511C46C82}"
EndProject
Global
	GlobalSection(SolutionConfigurationPlatforms) = preSolution
		Debug|Any CPU = Debug|Any CPU
		Release|Any CPU = Release|Any CPU
	EndGlobalSection
	GlobalSection(ProjectConfigurationPlatforms) = postSolution
		{05631B71-1452-4A3B-B46E-E3B511C46C82}.Debug|Any CPU.ActiveCfg = Debug|Any CPU
		{05631B71-1452-4A3B-B46E-E3B511C46C82}.Debug|Any CPU.Build.0 = Debug|Any CPU
		{05631B71-1452-4A3B-B46E-E3B511C46C82}.Release|Any CPU.ActiveCfg = Release|Any CPU
		{05631B71-1452-4A3B-B46E-E3B511C46C82}.Release|Any CPU.Build.0 = Release|Any CPU
	EndGlobalSection
	GlobalSection(SolutionProperties) = preSolution
		HideSolutionNode = FALSE
	EndGlobalSection
	GlobalSection(ExtensibilityGlobals) = postSolution
		SolutionGuid = {BCB52C1D-9050-42B2-A992-DB05F1D3A305}
	EndGlobalSection
EndGlobal
